
Microsoft Visual Studio Solution File, Format Version 12.00
# Visual Studio Version 17
VisualStudioVersion = 17.7.33711.374
MinimumVisualStudioVersion = 10.0.40219.1
Project("{FAE04EC0-301F-11D3-BF4B-00C04F79EFBC}") = "CommandPattern", "CommandPattern.csproj", "{56F942A9-C691-467A-9867-3573679F3756}"
EndProject
Global
	GlobalSection(SolutionConfigurationPlatforms) = preSolution
		Debug|Any CPU = Debug|Any CPU
		Release|Any CPU = Release|Any CPU
	EndGlobalSection
	GlobalSection(ProjectConfigurationPlatforms) = postSolution
		{56F942A9-C691-467A-9867-3573679F3756}.Debug|Any CPU.ActiveCfg = Debug|Any CPU
		{56F942A9-C691-467A-9867-3573679F3756}.Debug|Any CPU.Build.0 = Debug|Any CPU
		{56F942A9-C691-467A-9867-3573679F3756}.Release|Any CPU.ActiveCfg = Release|Any CPU
		{56F942A9-C691-467A-9867-3573679F3756}.Release|Any CPU.Build.0 = Release|Any CPU
	EndGlobalSection
	GlobalSection(SolutionProperties) = preSolution
		HideSolutionNode = FALSE
	EndGlobalSection
	GlobalSection(ExtensibilityGlobals) = postSolution
		SolutionGuid = {D5F19DEB-3EB6-4D13-AB4A-F4CD667A427E}
	EndGlobalSection
EndGlobal
