
Microsoft Visual Studio Solution File, Format Version 12.00
# Visual Studio Version 17
VisualStudioVersion = 17.7.33711.374
MinimumVisualStudioVersion = 10.0.40219.1
Project("{FAE04EC0-301F-11D3-BF4B-00C04F79EFBC}") = "DecoratorPattern", "DecoratorPattern.csproj", "{F3E03BA2-F9C3-4E14-98E3-5E41EA36537A}"
EndProject
Global
	GlobalSection(SolutionConfigurationPlatforms) = preSolution
		Debug|Any CPU = Debug|Any CPU
		Release|Any CPU = Release|Any CPU
	EndGlobalSection
	GlobalSection(ProjectConfigurationPlatforms) = postSolution
		{F3E03BA2-F9C3-4E14-98E3-5E41EA36537A}.Debug|Any CPU.ActiveCfg = Debug|Any CPU
		{F3E03BA2-F9C3-4E14-98E3-5E41EA36537A}.Debug|Any CPU.Build.0 = Debug|Any CPU
		{F3E03BA2-F9C3-4E14-98E3-5E41EA36537A}.Release|Any CPU.ActiveCfg = Release|Any CPU
		{F3E03BA2-F9C3-4E14-98E3-5E41EA36537A}.Release|Any CPU.Build.0 = Release|Any CPU
	EndGlobalSection
	GlobalSection(SolutionProperties) = preSolution
		HideSolutionNode = FALSE
	EndGlobalSection
	GlobalSection(ExtensibilityGlobals) = postSolution
		SolutionGuid = {507F9E26-C47E-4B95-AAD9-8126383A5C7A}
	EndGlobalSection
EndGlobal
