
Microsoft Visual Studio Solution File, Format Version 12.00
# Visual Studio Version 17
VisualStudioVersion = 17.7.33711.374
MinimumVisualStudioVersion = 10.0.40219.1
Project("{FAE04EC0-301F-11D3-BF4B-00C04F79EFBC}") = "FactoryDesignPatternDemo", "FactoryDesignPatternDemo.csproj", "{5D260128-2BCD-405E-BE58-A9C5D9C41CE1}"
EndProject
Global
	GlobalSection(SolutionConfigurationPlatforms) = preSolution
		Debug|Any CPU = Debug|Any CPU
		Release|Any CPU = Release|Any CPU
	EndGlobalSection
	GlobalSection(ProjectConfigurationPlatforms) = postSolution
		{5D260128-2BCD-405E-BE58-A9C5D9C41CE1}.Debug|Any CPU.ActiveCfg = Debug|Any CPU
		{5D260128-2BCD-405E-BE58-A9C5D9C41CE1}.Debug|Any CPU.Build.0 = Debug|Any CPU
		{5D260128-2BCD-405E-BE58-A9C5D9C41CE1}.Release|Any CPU.ActiveCfg = Release|Any CPU
		{5D260128-2BCD-405E-BE58-A9C5D9C41CE1}.Release|Any CPU.Build.0 = Release|Any CPU
	EndGlobalSection
	GlobalSection(SolutionProperties) = preSolution
		HideSolutionNode = FALSE
	EndGlobalSection
	GlobalSection(ExtensibilityGlobals) = postSolution
		SolutionGuid = {AB1B62D9-B052-4E0B-B909-93EA75BEA629}
	EndGlobalSection
EndGlobal
