
Microsoft Visual Studio Solution File, Format Version 12.00
# Visual Studio Version 17
VisualStudioVersion = 17.11.35219.272
MinimumVisualStudioVersion = 10.0.40219.1
Project("{FAE04EC0-301F-11D3-BF4B-00C04F79EFBC}") = "MementoPattern", "MementoPattern.csproj", "{EAD3FE39-B53D-4069-A2B5-3D8EB6B9ADE0}"
EndProject
Global
	GlobalSection(SolutionConfigurationPlatforms) = preSolution
		Debug|Any CPU = Debug|Any CPU
		Release|Any CPU = Release|Any CPU
	EndGlobalSection
	GlobalSection(ProjectConfigurationPlatforms) = postSolution
		{EAD3FE39-B53D-4069-A2B5-3D8EB6B9ADE0}.Debug|Any CPU.ActiveCfg = Debug|Any CPU
		{EAD3FE39-B53D-4069-A2B5-3D8EB6B9ADE0}.Debug|Any CPU.Build.0 = Debug|Any CPU
		{EAD3FE39-B53D-4069-A2B5-3D8EB6B9ADE0}.Release|Any CPU.ActiveCfg = Release|Any CPU
		{EAD3FE39-B53D-4069-A2B5-3D8EB6B9ADE0}.Release|Any CPU.Build.0 = Release|Any CPU
	EndGlobalSection
	GlobalSection(SolutionProperties) = preSolution
		HideSolutionNode = FALSE
	EndGlobalSection
	GlobalSection(ExtensibilityGlobals) = postSolution
		SolutionGuid = {FCF5A49D-A0BB-4065-AD52-D8598DD9609A}
	EndGlobalSection
EndGlobal
