
Microsoft Visual Studio Solution File, Format Version 12.00
# Visual Studio Version 17
VisualStudioVersion = 17.7.33711.374
MinimumVisualStudioVersion = 10.0.40219.1
Project("{FAE04EC0-301F-11D3-BF4B-00C04F79EFBC}") = "ObserverPattern", "ObserverPattern.csproj", "{33474C14-D75E-4B84-A69E-4420F33E406A}"
EndProject
Global
	GlobalSection(SolutionConfigurationPlatforms) = preSolution
		Debug|Any CPU = Debug|Any CPU
		Release|Any CPU = Release|Any CPU
	EndGlobalSection
	GlobalSection(ProjectConfigurationPlatforms) = postSolution
		{33474C14-D75E-4B84-A69E-4420F33E406A}.Debug|Any CPU.ActiveCfg = Debug|Any CPU
		{33474C14-D75E-4B84-A69E-4420F33E406A}.Debug|Any CPU.Build.0 = Debug|Any CPU
		{33474C14-D75E-4B84-A69E-4420F33E406A}.Release|Any CPU.ActiveCfg = Release|Any CPU
		{33474C14-D75E-4B84-A69E-4420F33E406A}.Release|Any CPU.Build.0 = Release|Any CPU
	EndGlobalSection
	GlobalSection(SolutionProperties) = preSolution
		HideSolutionNode = FALSE
	EndGlobalSection
	GlobalSection(ExtensibilityGlobals) = postSolution
		SolutionGuid = {BB237B0B-6AF8-48D4-8498-50D406EBE87F}
	EndGlobalSection
EndGlobal
